
Microsoft Visual Studio Solution File, Format Version 12.00
# Visual Studio 15
VisualStudioVersion = 15.0.27130.2010
MinimumVisualStudioVersion = 10.0.40219.1
Project("{FAE04EC0-301F-11D3-BF4B-00C04F79EFBC}") = "gralpha", "gralpha\gralpha.csproj", "{47C59A9B-E433-4D3F-AE97-AFBFA7494EED}"
EndProject
Global
	GlobalSection(SolutionConfigurationPlatforms) = preSolution
		Debug|Any CPU = Debug|Any CPU
		Release|Any CPU = Release|Any CPU
	EndGlobalSection
	GlobalSection(ProjectConfigurationPlatforms) = postSolution
		{47C59A9B-E433-4D3F-AE97-AFBFA7494EED}.Debug|Any CPU.ActiveCfg = Debug|Any CPU
		{47C59A9B-E433-4D3F-AE97-AFBFA7494EED}.Debug|Any CPU.Build.0 = Debug|Any CPU
		{47C59A9B-E433-4D3F-AE97-AFBFA7494EED}.Debug|Any CPU.Deploy.0 = Debug|Any CPU
		{47C59A9B-E433-4D3F-AE97-AFBFA7494EED}.Release|Any CPU.ActiveCfg = Release|Any CPU
		{47C59A9B-E433-4D3F-AE97-AFBFA7494EED}.Release|Any CPU.Build.0 = Release|Any CPU
		{47C59A9B-E433-4D3F-AE97-AFBFA7494EED}.Release|Any CPU.Deploy.0 = Release|Any CPU
	EndGlobalSection
	GlobalSection(SolutionProperties) = preSolution
		HideSolutionNode = FALSE
	EndGlobalSection
	GlobalSection(ExtensibilityGlobals) = postSolution
		SolutionGuid = {54A633D4-F682-40B4-A09F-F14F0A2A2E76}
	EndGlobalSection
EndGlobal
